
Microsoft Visual Studio Solution File, Format Version 12.00
Project("{FAE04EC0-301F-11D3-BF4B-00C04F79EFBC}") = "Dismembratio", "Dismembratio\Dismembratio.csproj", "{72E73E75-F4ED-4FF3-8109-C3F7FDF418C1}"
EndProject
Global
	GlobalSection(SolutionConfigurationPlatforms) = preSolution
		Debug|Any CPU = Debug|Any CPU
		Release|Any CPU = Release|Any CPU
	EndGlobalSection
	GlobalSection(ProjectConfigurationPlatforms) = postSolution
		{72E73E75-F4ED-4FF3-8109-C3F7FDF418C1}.Debug|Any CPU.ActiveCfg = Debug|Any CPU
		{72E73E75-F4ED-4FF3-8109-C3F7FDF418C1}.Debug|Any CPU.Build.0 = Debug|Any CPU
		{72E73E75-F4ED-4FF3-8109-C3F7FDF418C1}.Release|Any CPU.ActiveCfg = Release|Any CPU
		{72E73E75-F4ED-4FF3-8109-C3F7FDF418C1}.Release|Any CPU.Build.0 = Release|Any CPU
	EndGlobalSection
EndGlobal
